
Microsoft Visual Studio Solution File, Format Version 12.00
# Visual Studio Version 17
VisualStudioVersion = 17.3.32929.385
MinimumVisualStudioVersion = 10.0.40219.1
Project("{9A19103F-16F7-4668-BE54-9A1E7A4F7556}") = "CallNotificationService.Domain", "src\CallNotificationService.Domain\CallNotificationService.Domain.csproj", "{48FE426F-A9CB-484F-BB34-355341470395}"
EndProject
Project("{9A19103F-16F7-4668-BE54-9A1E7A4F7556}") = "CallNotificationService.UnitTests", "tests\CallAutomationService.UnitTests\CallNotificationService.UnitTests.csproj", "{3925399F-63DA-4C29-B4B0-4CB04F33F383}"
EndProject
Project("{2150E333-8FDC-42A3-9474-1A3956D46DE8}") = "tests", "tests", "{98F11E86-7BCA-43FE-ABF0-481B6BB26376}"
EndProject
Project("{9A19103F-16F7-4668-BE54-9A1E7A4F7556}") = "CallNotificationService.Persistence", "CallNotificationService.Persistence\CallNotificationService.Persistence.csproj", "{D543EAED-26B8-4E8B-9304-61D9FF9C9840}"
EndProject
Project("{9A19103F-16F7-4668-BE54-9A1E7A4F7556}") = "Infrastructure.CosmosDb", "Infrastructure.CosmosDb\Infrastructure.CosmosDb.csproj", "{996CDB32-F5B4-4667-926F-E55E73D959B1}"
EndProject
Project("{FAE04EC0-301F-11D3-BF4B-00C04F79EFBC}") = "CallNotificationService.Domain.Abstratctions", "src\CallNotificationService.Domain.Abstratctions\CallNotificationService.Domain.Abstratctions.csproj", "{22B62EDD-6E54-424E-AE49-5AB43C20446E}"
EndProject
Global
	GlobalSection(SolutionConfigurationPlatforms) = preSolution
		Debug|Any CPU = Debug|Any CPU
		Release|Any CPU = Release|Any CPU
	EndGlobalSection
	GlobalSection(ProjectConfigurationPlatforms) = postSolution
		{48FE426F-A9CB-484F-BB34-355341470395}.Debug|Any CPU.ActiveCfg = Debug|Any CPU
		{48FE426F-A9CB-484F-BB34-355341470395}.Debug|Any CPU.Build.0 = Debug|Any CPU
		{48FE426F-A9CB-484F-BB34-355341470395}.Release|Any CPU.ActiveCfg = Release|Any CPU
		{48FE426F-A9CB-484F-BB34-355341470395}.Release|Any CPU.Build.0 = Release|Any CPU
		{3925399F-63DA-4C29-B4B0-4CB04F33F383}.Debug|Any CPU.ActiveCfg = Debug|Any CPU
		{3925399F-63DA-4C29-B4B0-4CB04F33F383}.Debug|Any CPU.Build.0 = Debug|Any CPU
		{3925399F-63DA-4C29-B4B0-4CB04F33F383}.Release|Any CPU.ActiveCfg = Release|Any CPU
		{3925399F-63DA-4C29-B4B0-4CB04F33F383}.Release|Any CPU.Build.0 = Release|Any CPU
		{D543EAED-26B8-4E8B-9304-61D9FF9C9840}.Debug|Any CPU.ActiveCfg = Debug|Any CPU
		{D543EAED-26B8-4E8B-9304-61D9FF9C9840}.Debug|Any CPU.Build.0 = Debug|Any CPU
		{D543EAED-26B8-4E8B-9304-61D9FF9C9840}.Release|Any CPU.ActiveCfg = Release|Any CPU
		{D543EAED-26B8-4E8B-9304-61D9FF9C9840}.Release|Any CPU.Build.0 = Release|Any CPU
		{996CDB32-F5B4-4667-926F-E55E73D959B1}.Debug|Any CPU.ActiveCfg = Debug|Any CPU
		{996CDB32-F5B4-4667-926F-E55E73D959B1}.Debug|Any CPU.Build.0 = Debug|Any CPU
		{996CDB32-F5B4-4667-926F-E55E73D959B1}.Release|Any CPU.ActiveCfg = Release|Any CPU
		{996CDB32-F5B4-4667-926F-E55E73D959B1}.Release|Any CPU.Build.0 = Release|Any CPU
		{22B62EDD-6E54-424E-AE49-5AB43C20446E}.Debug|Any CPU.ActiveCfg = Debug|Any CPU
		{22B62EDD-6E54-424E-AE49-5AB43C20446E}.Debug|Any CPU.Build.0 = Debug|Any CPU
		{22B62EDD-6E54-424E-AE49-5AB43C20446E}.Release|Any CPU.ActiveCfg = Release|Any CPU
		{22B62EDD-6E54-424E-AE49-5AB43C20446E}.Release|Any CPU.Build.0 = Release|Any CPU
	EndGlobalSection
	GlobalSection(SolutionProperties) = preSolution
		HideSolutionNode = FALSE
	EndGlobalSection
	GlobalSection(NestedProjects) = preSolution
		{3925399F-63DA-4C29-B4B0-4CB04F33F383} = {98F11E86-7BCA-43FE-ABF0-481B6BB26376}
	EndGlobalSection
	GlobalSection(ExtensibilityGlobals) = postSolution
		SolutionGuid = {1BDB8784-C47F-42B2-BEA4-46FA2CD12069}
	EndGlobalSection
EndGlobal
