
Microsoft Visual Studio Solution File, Format Version 12.00
# Visual Studio Version 17
VisualStudioVersion = 17.3.32929.385
MinimumVisualStudioVersion = 10.0.40219.1
Project("{9A19103F-16F7-4668-BE54-9A1E7A4F7556}") = "CallNotificationService.Domain", "src\CallNotificationService.Domain\CallNotificationService.Domain.csproj", "{48FE426F-A9CB-484F-BB34-355341470395}"
EndProject
Project("{9A19103F-16F7-4668-BE54-9A1E7A4F7556}") = "CallNotificationService.UnitTests", "tests\CallAutomationService.UnitTests\CallNotificationService.UnitTests.csproj", "{3925399F-63DA-4C29-B4B0-4CB04F33F383}"
EndProject
Project("{2150E333-8FDC-42A3-9474-1A3956D46DE8}") = "tests", "tests", "{98F11E86-7BCA-43FE-ABF0-481B6BB26376}"
EndProject
Project("{9A19103F-16F7-4668-BE54-9A1E7A4F7556}") = "CallNotificationService.App", "src\CallNotificationService.App\CallNotificationService.App.csproj", "{62968D1A-B3C6-4377-BA35-B6E2AD4E87D3}"
EndProject
Project("{9A19103F-16F7-4668-BE54-9A1E7A4F7556}") = "CallNotificationService.Persistence", "src\CallNotificationService.Persistence\CallNotificationService.Persistence.csproj", "{320A956F-422D-4DC4-8FCB-FD471AE7FB55}"
EndProject
Project("{9A19103F-16F7-4668-BE54-9A1E7A4F7556}") = "CallNotificationService.Contracts", "src\CallNotificationService.Contracts\CallNotificationService.Contracts.csproj", "{E377E73A-FD1D-412D-92D7-2E784B09956A}"
EndProject
Project("{9A19103F-16F7-4668-BE54-9A1E7A4F7556}") = "CallNotificationService.Infrastructure.WebhookSender", "src\CallNotificationService.Infrastructure.WebhookSender\CallNotificationService.Infrastructure.WebhookSender.csproj", "{0988CA02-7487-4123-9190-A19A2DDEC684}"
EndProject
Project("{9A19103F-16F7-4668-BE54-9A1E7A4F7556}") = "CallNotificationService.Infrastructure.Domain.Abstractions", "src\CallNotificationService.Infrastructure.Domain.Abstratctions\CallNotificationService.Infrastructure.Domain.Abstractions.csproj", "{F24029B4-F765-4EE0-A731-AF0836E03D48}"
EndProject
Project("{9A19103F-16F7-4668-BE54-9A1E7A4F7556}") = "CallNotificationService.Infrastructure.CosmosDb", "src\CallNotificationService.Infrastructure.CosmosDb\CallNotificationService.Infrastructure.CosmosDb.csproj", "{64DD76F6-8278-4928-8049-4C07C495A21C}"
EndProject
Global
	GlobalSection(SolutionConfigurationPlatforms) = preSolution
		Debug|Any CPU = Debug|Any CPU
		Release|Any CPU = Release|Any CPU
	EndGlobalSection
	GlobalSection(ProjectConfigurationPlatforms) = postSolution
		{48FE426F-A9CB-484F-BB34-355341470395}.Debug|Any CPU.ActiveCfg = Debug|Any CPU
		{48FE426F-A9CB-484F-BB34-355341470395}.Debug|Any CPU.Build.0 = Debug|Any CPU
		{48FE426F-A9CB-484F-BB34-355341470395}.Release|Any CPU.ActiveCfg = Release|Any CPU
		{48FE426F-A9CB-484F-BB34-355341470395}.Release|Any CPU.Build.0 = Release|Any CPU
		{3925399F-63DA-4C29-B4B0-4CB04F33F383}.Debug|Any CPU.ActiveCfg = Debug|Any CPU
		{3925399F-63DA-4C29-B4B0-4CB04F33F383}.Debug|Any CPU.Build.0 = Debug|Any CPU
		{3925399F-63DA-4C29-B4B0-4CB04F33F383}.Release|Any CPU.ActiveCfg = Release|Any CPU
		{3925399F-63DA-4C29-B4B0-4CB04F33F383}.Release|Any CPU.Build.0 = Release|Any CPU
		{62968D1A-B3C6-4377-BA35-B6E2AD4E87D3}.Debug|Any CPU.ActiveCfg = Debug|Any CPU
		{62968D1A-B3C6-4377-BA35-B6E2AD4E87D3}.Debug|Any CPU.Build.0 = Debug|Any CPU
		{62968D1A-B3C6-4377-BA35-B6E2AD4E87D3}.Release|Any CPU.ActiveCfg = Release|Any CPU
		{62968D1A-B3C6-4377-BA35-B6E2AD4E87D3}.Release|Any CPU.Build.0 = Release|Any CPU
		{320A956F-422D-4DC4-8FCB-FD471AE7FB55}.Debug|Any CPU.ActiveCfg = Debug|Any CPU
		{320A956F-422D-4DC4-8FCB-FD471AE7FB55}.Debug|Any CPU.Build.0 = Debug|Any CPU
		{320A956F-422D-4DC4-8FCB-FD471AE7FB55}.Release|Any CPU.ActiveCfg = Release|Any CPU
		{320A956F-422D-4DC4-8FCB-FD471AE7FB55}.Release|Any CPU.Build.0 = Release|Any CPU
		{E377E73A-FD1D-412D-92D7-2E784B09956A}.Debug|Any CPU.ActiveCfg = Debug|Any CPU
		{E377E73A-FD1D-412D-92D7-2E784B09956A}.Debug|Any CPU.Build.0 = Debug|Any CPU
		{E377E73A-FD1D-412D-92D7-2E784B09956A}.Release|Any CPU.ActiveCfg = Release|Any CPU
		{E377E73A-FD1D-412D-92D7-2E784B09956A}.Release|Any CPU.Build.0 = Release|Any CPU
		{0988CA02-7487-4123-9190-A19A2DDEC684}.Debug|Any CPU.ActiveCfg = Debug|Any CPU
		{0988CA02-7487-4123-9190-A19A2DDEC684}.Debug|Any CPU.Build.0 = Debug|Any CPU
		{0988CA02-7487-4123-9190-A19A2DDEC684}.Release|Any CPU.ActiveCfg = Release|Any CPU
		{0988CA02-7487-4123-9190-A19A2DDEC684}.Release|Any CPU.Build.0 = Release|Any CPU
		{F24029B4-F765-4EE0-A731-AF0836E03D48}.Debug|Any CPU.ActiveCfg = Debug|Any CPU
		{F24029B4-F765-4EE0-A731-AF0836E03D48}.Debug|Any CPU.Build.0 = Debug|Any CPU
		{F24029B4-F765-4EE0-A731-AF0836E03D48}.Release|Any CPU.ActiveCfg = Release|Any CPU
		{F24029B4-F765-4EE0-A731-AF0836E03D48}.Release|Any CPU.Build.0 = Release|Any CPU
		{64DD76F6-8278-4928-8049-4C07C495A21C}.Debug|Any CPU.ActiveCfg = Debug|Any CPU
		{64DD76F6-8278-4928-8049-4C07C495A21C}.Debug|Any CPU.Build.0 = Debug|Any CPU
		{64DD76F6-8278-4928-8049-4C07C495A21C}.Release|Any CPU.ActiveCfg = Release|Any CPU
		{64DD76F6-8278-4928-8049-4C07C495A21C}.Release|Any CPU.Build.0 = Release|Any CPU
	EndGlobalSection
	GlobalSection(SolutionProperties) = preSolution
		HideSolutionNode = FALSE
	EndGlobalSection
	GlobalSection(NestedProjects) = preSolution
		{3925399F-63DA-4C29-B4B0-4CB04F33F383} = {98F11E86-7BCA-43FE-ABF0-481B6BB26376}
	EndGlobalSection
	GlobalSection(ExtensibilityGlobals) = postSolution
		SolutionGuid = {1BDB8784-C47F-42B2-BEA4-46FA2CD12069}
	EndGlobalSection
EndGlobal
